
Microsoft Visual Studio Solution File, Format Version 12.00
# Visual Studio 15
VisualStudioVersion = 15.0.26730.15
MinimumVisualStudioVersion = 10.0.40219.1
Project("{FAE04EC0-301F-11D3-BF4B-00C04F79EFBC}") = "BikeRentalWPF", "BikeRentalWPF\BikeRentalWPF.csproj", "{D1BB2AF9-85DD-482D-BA34-576988E916DC}"
EndProject
Global
	GlobalSection(SolutionConfigurationPlatforms) = preSolution
		Debug|Any CPU = Debug|Any CPU
		Release|Any CPU = Release|Any CPU
	EndGlobalSection
	GlobalSection(ProjectConfigurationPlatforms) = postSolution
		{D1BB2AF9-85DD-482D-BA34-576988E916DC}.Debug|Any CPU.ActiveCfg = Debug|Any CPU
		{D1BB2AF9-85DD-482D-BA34-576988E916DC}.Debug|Any CPU.Build.0 = Debug|Any CPU
		{D1BB2AF9-85DD-482D-BA34-576988E916DC}.Release|Any CPU.ActiveCfg = Release|Any CPU
		{D1BB2AF9-85DD-482D-BA34-576988E916DC}.Release|Any CPU.Build.0 = Release|Any CPU
	EndGlobalSection
	GlobalSection(SolutionProperties) = preSolution
		HideSolutionNode = FALSE
	EndGlobalSection
	GlobalSection(ExtensibilityGlobals) = postSolution
		SolutionGuid = {80D5781E-8849-4297-AC81-037D2323BAA1}
	EndGlobalSection
EndGlobal
